
Microsoft Visual Studio Solution File, Format Version 12.00
# Visual Studio Version 16
VisualStudioVersion = 16.0.30225.117
MinimumVisualStudioVersion = 10.0.40219.1
Project("{F184B08F-C81C-45F6-A57F-5ABD9991F28F}") = "randonet", "randonet.vbproj", "{52F8255E-9398-4266-8275-4EC1A8F36CC2}"
EndProject
Global
	GlobalSection(SolutionConfigurationPlatforms) = preSolution
		Debug|Any CPU = Debug|Any CPU
		Release|Any CPU = Release|Any CPU
	EndGlobalSection
	GlobalSection(ProjectConfigurationPlatforms) = postSolution
		{52F8255E-9398-4266-8275-4EC1A8F36CC2}.Debug|Any CPU.ActiveCfg = Debug|Any CPU
		{52F8255E-9398-4266-8275-4EC1A8F36CC2}.Debug|Any CPU.Build.0 = Debug|Any CPU
		{52F8255E-9398-4266-8275-4EC1A8F36CC2}.Release|Any CPU.ActiveCfg = Release|Any CPU
		{52F8255E-9398-4266-8275-4EC1A8F36CC2}.Release|Any CPU.Build.0 = Release|Any CPU
	EndGlobalSection
	GlobalSection(SolutionProperties) = preSolution
		HideSolutionNode = FALSE
	EndGlobalSection
	GlobalSection(ExtensibilityGlobals) = postSolution
		SolutionGuid = {C88AB98A-ABED-453F-A747-4F3235CF5473}
	EndGlobalSection
EndGlobal
